
Microsoft Visual Studio Solution File, Format Version 12.00
# Visual Studio 14
VisualStudioVersion = 14.0.25420.1
MinimumVisualStudioVersion = 10.0.40219.1
Project("{E24C65DC-7377-472B-9ABA-BC803B73C61A}") = "Isaui", "Isaui\", "{F6F6C029-6A4B-4304-9A54-90F995815E74}"
	ProjectSection(WebsiteProperties) = preProject
		TargetFrameworkMoniker = ".NETFramework,Version%3Dv4.5.2"
		Debug.AspNetCompiler.VirtualPath = "/localhost_33152"
		Debug.AspNetCompiler.PhysicalPath = "D:\PROGRAMACION 2\GitIsaui\GitIsaui\Isaui\"
		Debug.AspNetCompiler.TargetPath = "PrecompiledWeb\localhost_33152\"
		Debug.AspNetCompiler.Updateable = "true"
		Debug.AspNetCompiler.ForceOverwrite = "true"
		Debug.AspNetCompiler.FixedNames = "false"
		Debug.AspNetCompiler.Debug = "True"
		Release.AspNetCompiler.VirtualPath = "/localhost_33152"
		Release.AspNetCompiler.PhysicalPath = "D:\PROGRAMACION 2\GitIsaui\GitIsaui\Isaui\"
		Release.AspNetCompiler.TargetPath = "PrecompiledWeb\localhost_33152\"
		Release.AspNetCompiler.Updateable = "true"
		Release.AspNetCompiler.ForceOverwrite = "true"
		Release.AspNetCompiler.FixedNames = "false"
		Release.AspNetCompiler.Debug = "False"
		VWDPort = "33152"
	EndProjectSection
EndProject
Project("{FAE04EC0-301F-11D3-BF4B-00C04F79EFBC}") = "CapaDatos", "CapaDatos\CapaDatos.csproj", "{8E1DAEFD-37E9-43DC-99C7-012928BD076A}"
EndProject
Global
	GlobalSection(SolutionConfigurationPlatforms) = preSolution
		Debug|Any CPU = Debug|Any CPU
		Release|Any CPU = Release|Any CPU
	EndGlobalSection
	GlobalSection(ProjectConfigurationPlatforms) = postSolution
		{F6F6C029-6A4B-4304-9A54-90F995815E74}.Debug|Any CPU.ActiveCfg = Debug|Any CPU
		{F6F6C029-6A4B-4304-9A54-90F995815E74}.Debug|Any CPU.Build.0 = Debug|Any CPU
		{F6F6C029-6A4B-4304-9A54-90F995815E74}.Release|Any CPU.ActiveCfg = Debug|Any CPU
		{F6F6C029-6A4B-4304-9A54-90F995815E74}.Release|Any CPU.Build.0 = Debug|Any CPU
		{8E1DAEFD-37E9-43DC-99C7-012928BD076A}.Debug|Any CPU.ActiveCfg = Debug|Any CPU
		{8E1DAEFD-37E9-43DC-99C7-012928BD076A}.Debug|Any CPU.Build.0 = Debug|Any CPU
		{8E1DAEFD-37E9-43DC-99C7-012928BD076A}.Release|Any CPU.ActiveCfg = Release|Any CPU
		{8E1DAEFD-37E9-43DC-99C7-012928BD076A}.Release|Any CPU.Build.0 = Release|Any CPU
	EndGlobalSection
	GlobalSection(SolutionProperties) = preSolution
		HideSolutionNode = FALSE
	EndGlobalSection
EndGlobal
